
Microsoft Visual Studio Solution File, Format Version 12.00
# Visual Studio Version 16
VisualStudioVersion = 16.0.30503.244
MinimumVisualStudioVersion = 15.0.26124.0
Project("{2150E333-8FDC-42A3-9474-1A3956D46DE8}") = "Examples", "Examples", "{71B53541-E915-4E6B-8D8C-703929ABCFDA}"
EndProject
Project("{2150E333-8FDC-42A3-9474-1A3956D46DE8}") = "Echo", "Echo", "{B93F1AA5-6083-4CE1-99B2-CDD731578BE1}"
EndProject
Project("{9A19103F-16F7-4668-BE54-9A1E7A4F7556}") = "Server", "Examples\Echo\Server\Server.csproj", "{1C98BC7E-9C5A-49B3-8D5E-45871CAD5FF3}"
EndProject
Project("{2150E333-8FDC-42A3-9474-1A3956D46DE8}") = "ServerPush", "ServerPush", "{58DF14DD-5C0D-47A8-B36F-018C4C7041F7}"
EndProject
Project("{9A19103F-16F7-4668-BE54-9A1E7A4F7556}") = "Client", "Examples\ServerPush\Client\Client.csproj", "{5C309773-6246-41E2-9A12-6507641AA05C}"
EndProject
Project("{9A19103F-16F7-4668-BE54-9A1E7A4F7556}") = "Common", "Examples\ServerPush\Common\Common.csproj", "{08CCFD61-5E57-471D-8384-8E04BA0BAFA1}"
EndProject
Project("{9A19103F-16F7-4668-BE54-9A1E7A4F7556}") = "Server", "Examples\ServerPush\Server\Server.csproj", "{B49D65C6-D717-442B-83E0-29AD5ACBFE8C}"
EndProject
Project("{2150E333-8FDC-42A3-9474-1A3956D46DE8}") = "Tunnel", "Tunnel", "{37D33653-6CAA-402E-A664-3DA35AB0518F}"
EndProject
Project("{9A19103F-16F7-4668-BE54-9A1E7A4F7556}") = "Client", "Examples\Tunnel\Client\Client.csproj", "{521FB693-C4C8-4CED-A21D-75EEFAD2CA29}"
EndProject
Project("{9A19103F-16F7-4668-BE54-9A1E7A4F7556}") = "Server", "Examples\Tunnel\Server\Server.csproj", "{80C839EC-A390-4FD2-95EC-B57CFDBEF6B2}"
EndProject
Project("{2150E333-8FDC-42A3-9474-1A3956D46DE8}") = "Sources", "Sources", "{306D1A26-50DE-4CC4-AFE3-1E4B0BB20A92}"
EndProject
Project("{9A19103F-16F7-4668-BE54-9A1E7A4F7556}") = "Actor", "Sources\Actor\Actor.csproj", "{971BC50D-C055-4090-9E45-3254F37E21A9}"
EndProject
Project("{9A19103F-16F7-4668-BE54-9A1E7A4F7556}") = "Client", "Examples\Echo\Client\Client.csproj", "{C3BF3141-4473-4029-808B-5D5756B67C5E}"
EndProject
Project("{9A19103F-16F7-4668-BE54-9A1E7A4F7556}") = "Common", "Examples\Echo\Common\Common.csproj", "{7BDAE83E-0775-4CA0-867E-2012FAC61E67}"
EndProject
Project("{9A19103F-16F7-4668-BE54-9A1E7A4F7556}") = "Connector", "Sources\Connector\Connector.csproj", "{83110C76-AA53-4E37-8B90-9CF3ED9D9D62}"
EndProject
Project("{9A19103F-16F7-4668-BE54-9A1E7A4F7556}") = "Auth", "Examples\Tunnel\Auth\Auth.csproj", "{DD26BEF3-C8FB-4808-A744-FBAFEB8AF501}"
EndProject
Global
	GlobalSection(SolutionConfigurationPlatforms) = preSolution
		Debug|Any CPU = Debug|Any CPU
		Debug|x64 = Debug|x64
		Debug|x86 = Debug|x86
		Release|Any CPU = Release|Any CPU
		Release|x64 = Release|x64
		Release|x86 = Release|x86
	EndGlobalSection
	GlobalSection(ProjectConfigurationPlatforms) = postSolution
		{1C98BC7E-9C5A-49B3-8D5E-45871CAD5FF3}.Debug|Any CPU.ActiveCfg = Debug|Any CPU
		{1C98BC7E-9C5A-49B3-8D5E-45871CAD5FF3}.Debug|Any CPU.Build.0 = Debug|Any CPU
		{1C98BC7E-9C5A-49B3-8D5E-45871CAD5FF3}.Debug|x64.ActiveCfg = Debug|Any CPU
		{1C98BC7E-9C5A-49B3-8D5E-45871CAD5FF3}.Debug|x64.Build.0 = Debug|Any CPU
		{1C98BC7E-9C5A-49B3-8D5E-45871CAD5FF3}.Debug|x86.ActiveCfg = Debug|Any CPU
		{1C98BC7E-9C5A-49B3-8D5E-45871CAD5FF3}.Debug|x86.Build.0 = Debug|Any CPU
		{1C98BC7E-9C5A-49B3-8D5E-45871CAD5FF3}.Release|Any CPU.ActiveCfg = Release|Any CPU
		{1C98BC7E-9C5A-49B3-8D5E-45871CAD5FF3}.Release|Any CPU.Build.0 = Release|Any CPU
		{1C98BC7E-9C5A-49B3-8D5E-45871CAD5FF3}.Release|x64.ActiveCfg = Release|Any CPU
		{1C98BC7E-9C5A-49B3-8D5E-45871CAD5FF3}.Release|x64.Build.0 = Release|Any CPU
		{1C98BC7E-9C5A-49B3-8D5E-45871CAD5FF3}.Release|x86.ActiveCfg = Release|Any CPU
		{1C98BC7E-9C5A-49B3-8D5E-45871CAD5FF3}.Release|x86.Build.0 = Release|Any CPU
		{5C309773-6246-41E2-9A12-6507641AA05C}.Debug|Any CPU.ActiveCfg = Debug|Any CPU
		{5C309773-6246-41E2-9A12-6507641AA05C}.Debug|Any CPU.Build.0 = Debug|Any CPU
		{5C309773-6246-41E2-9A12-6507641AA05C}.Debug|x64.ActiveCfg = Debug|Any CPU
		{5C309773-6246-41E2-9A12-6507641AA05C}.Debug|x64.Build.0 = Debug|Any CPU
		{5C309773-6246-41E2-9A12-6507641AA05C}.Debug|x86.ActiveCfg = Debug|Any CPU
		{5C309773-6246-41E2-9A12-6507641AA05C}.Debug|x86.Build.0 = Debug|Any CPU
		{5C309773-6246-41E2-9A12-6507641AA05C}.Release|Any CPU.ActiveCfg = Release|Any CPU
		{5C309773-6246-41E2-9A12-6507641AA05C}.Release|Any CPU.Build.0 = Release|Any CPU
		{5C309773-6246-41E2-9A12-6507641AA05C}.Release|x64.ActiveCfg = Release|Any CPU
		{5C309773-6246-41E2-9A12-6507641AA05C}.Release|x64.Build.0 = Release|Any CPU
		{5C309773-6246-41E2-9A12-6507641AA05C}.Release|x86.ActiveCfg = Release|Any CPU
		{5C309773-6246-41E2-9A12-6507641AA05C}.Release|x86.Build.0 = Release|Any CPU
		{08CCFD61-5E57-471D-8384-8E04BA0BAFA1}.Debug|Any CPU.ActiveCfg = Debug|Any CPU
		{08CCFD61-5E57-471D-8384-8E04BA0BAFA1}.Debug|Any CPU.Build.0 = Debug|Any CPU
		{08CCFD61-5E57-471D-8384-8E04BA0BAFA1}.Debug|x64.ActiveCfg = Debug|Any CPU
		{08CCFD61-5E57-471D-8384-8E04BA0BAFA1}.Debug|x64.Build.0 = Debug|Any CPU
		{08CCFD61-5E57-471D-8384-8E04BA0BAFA1}.Debug|x86.ActiveCfg = Debug|Any CPU
		{08CCFD61-5E57-471D-8384-8E04BA0BAFA1}.Debug|x86.Build.0 = Debug|Any CPU
		{08CCFD61-5E57-471D-8384-8E04BA0BAFA1}.Release|Any CPU.ActiveCfg = Release|Any CPU
		{08CCFD61-5E57-471D-8384-8E04BA0BAFA1}.Release|Any CPU.Build.0 = Release|Any CPU
		{08CCFD61-5E57-471D-8384-8E04BA0BAFA1}.Release|x64.ActiveCfg = Release|Any CPU
		{08CCFD61-5E57-471D-8384-8E04BA0BAFA1}.Release|x64.Build.0 = Release|Any CPU
		{08CCFD61-5E57-471D-8384-8E04BA0BAFA1}.Release|x86.ActiveCfg = Release|Any CPU
		{08CCFD61-5E57-471D-8384-8E04BA0BAFA1}.Release|x86.Build.0 = Release|Any CPU
		{B49D65C6-D717-442B-83E0-29AD5ACBFE8C}.Debug|Any CPU.ActiveCfg = Debug|Any CPU
		{B49D65C6-D717-442B-83E0-29AD5ACBFE8C}.Debug|Any CPU.Build.0 = Debug|Any CPU
		{B49D65C6-D717-442B-83E0-29AD5ACBFE8C}.Debug|x64.ActiveCfg = Debug|Any CPU
		{B49D65C6-D717-442B-83E0-29AD5ACBFE8C}.Debug|x64.Build.0 = Debug|Any CPU
		{B49D65C6-D717-442B-83E0-29AD5ACBFE8C}.Debug|x86.ActiveCfg = Debug|Any CPU
		{B49D65C6-D717-442B-83E0-29AD5ACBFE8C}.Debug|x86.Build.0 = Debug|Any CPU
		{B49D65C6-D717-442B-83E0-29AD5ACBFE8C}.Release|Any CPU.ActiveCfg = Release|Any CPU
		{B49D65C6-D717-442B-83E0-29AD5ACBFE8C}.Release|Any CPU.Build.0 = Release|Any CPU
		{B49D65C6-D717-442B-83E0-29AD5ACBFE8C}.Release|x64.ActiveCfg = Release|Any CPU
		{B49D65C6-D717-442B-83E0-29AD5ACBFE8C}.Release|x64.Build.0 = Release|Any CPU
		{B49D65C6-D717-442B-83E0-29AD5ACBFE8C}.Release|x86.ActiveCfg = Release|Any CPU
		{B49D65C6-D717-442B-83E0-29AD5ACBFE8C}.Release|x86.Build.0 = Release|Any CPU
		{521FB693-C4C8-4CED-A21D-75EEFAD2CA29}.Debug|Any CPU.ActiveCfg = Debug|Any CPU
		{521FB693-C4C8-4CED-A21D-75EEFAD2CA29}.Debug|Any CPU.Build.0 = Debug|Any CPU
		{521FB693-C4C8-4CED-A21D-75EEFAD2CA29}.Debug|x64.ActiveCfg = Debug|Any CPU
		{521FB693-C4C8-4CED-A21D-75EEFAD2CA29}.Debug|x64.Build.0 = Debug|Any CPU
		{521FB693-C4C8-4CED-A21D-75EEFAD2CA29}.Debug|x86.ActiveCfg = Debug|Any CPU
		{521FB693-C4C8-4CED-A21D-75EEFAD2CA29}.Debug|x86.Build.0 = Debug|Any CPU
		{521FB693-C4C8-4CED-A21D-75EEFAD2CA29}.Release|Any CPU.ActiveCfg = Release|Any CPU
		{521FB693-C4C8-4CED-A21D-75EEFAD2CA29}.Release|Any CPU.Build.0 = Release|Any CPU
		{521FB693-C4C8-4CED-A21D-75EEFAD2CA29}.Release|x64.ActiveCfg = Release|Any CPU
		{521FB693-C4C8-4CED-A21D-75EEFAD2CA29}.Release|x64.Build.0 = Release|Any CPU
		{521FB693-C4C8-4CED-A21D-75EEFAD2CA29}.Release|x86.ActiveCfg = Release|Any CPU
		{521FB693-C4C8-4CED-A21D-75EEFAD2CA29}.Release|x86.Build.0 = Release|Any CPU
		{80C839EC-A390-4FD2-95EC-B57CFDBEF6B2}.Debug|Any CPU.ActiveCfg = Debug|Any CPU
		{80C839EC-A390-4FD2-95EC-B57CFDBEF6B2}.Debug|Any CPU.Build.0 = Debug|Any CPU
		{80C839EC-A390-4FD2-95EC-B57CFDBEF6B2}.Debug|x64.ActiveCfg = Debug|Any CPU
		{80C839EC-A390-4FD2-95EC-B57CFDBEF6B2}.Debug|x64.Build.0 = Debug|Any CPU
		{80C839EC-A390-4FD2-95EC-B57CFDBEF6B2}.Debug|x86.ActiveCfg = Debug|Any CPU
		{80C839EC-A390-4FD2-95EC-B57CFDBEF6B2}.Debug|x86.Build.0 = Debug|Any CPU
		{80C839EC-A390-4FD2-95EC-B57CFDBEF6B2}.Release|Any CPU.ActiveCfg = Release|Any CPU
		{80C839EC-A390-4FD2-95EC-B57CFDBEF6B2}.Release|Any CPU.Build.0 = Release|Any CPU
		{80C839EC-A390-4FD2-95EC-B57CFDBEF6B2}.Release|x64.ActiveCfg = Release|Any CPU
		{80C839EC-A390-4FD2-95EC-B57CFDBEF6B2}.Release|x64.Build.0 = Release|Any CPU
		{80C839EC-A390-4FD2-95EC-B57CFDBEF6B2}.Release|x86.ActiveCfg = Release|Any CPU
		{80C839EC-A390-4FD2-95EC-B57CFDBEF6B2}.Release|x86.Build.0 = Release|Any CPU
		{971BC50D-C055-4090-9E45-3254F37E21A9}.Debug|Any CPU.ActiveCfg = Debug|Any CPU
		{971BC50D-C055-4090-9E45-3254F37E21A9}.Debug|Any CPU.Build.0 = Debug|Any CPU
		{971BC50D-C055-4090-9E45-3254F37E21A9}.Debug|x64.ActiveCfg = Debug|Any CPU
		{971BC50D-C055-4090-9E45-3254F37E21A9}.Debug|x64.Build.0 = Debug|Any CPU
		{971BC50D-C055-4090-9E45-3254F37E21A9}.Debug|x86.ActiveCfg = Debug|Any CPU
		{971BC50D-C055-4090-9E45-3254F37E21A9}.Debug|x86.Build.0 = Debug|Any CPU
		{971BC50D-C055-4090-9E45-3254F37E21A9}.Release|Any CPU.ActiveCfg = Release|Any CPU
		{971BC50D-C055-4090-9E45-3254F37E21A9}.Release|Any CPU.Build.0 = Release|Any CPU
		{971BC50D-C055-4090-9E45-3254F37E21A9}.Release|x64.ActiveCfg = Release|Any CPU
		{971BC50D-C055-4090-9E45-3254F37E21A9}.Release|x64.Build.0 = Release|Any CPU
		{971BC50D-C055-4090-9E45-3254F37E21A9}.Release|x86.ActiveCfg = Release|Any CPU
		{971BC50D-C055-4090-9E45-3254F37E21A9}.Release|x86.Build.0 = Release|Any CPU
		{C3BF3141-4473-4029-808B-5D5756B67C5E}.Debug|Any CPU.ActiveCfg = Debug|Any CPU
		{C3BF3141-4473-4029-808B-5D5756B67C5E}.Debug|Any CPU.Build.0 = Debug|Any CPU
		{C3BF3141-4473-4029-808B-5D5756B67C5E}.Debug|x64.ActiveCfg = Debug|Any CPU
		{C3BF3141-4473-4029-808B-5D5756B67C5E}.Debug|x64.Build.0 = Debug|Any CPU
		{C3BF3141-4473-4029-808B-5D5756B67C5E}.Debug|x86.ActiveCfg = Debug|Any CPU
		{C3BF3141-4473-4029-808B-5D5756B67C5E}.Debug|x86.Build.0 = Debug|Any CPU
		{C3BF3141-4473-4029-808B-5D5756B67C5E}.Release|Any CPU.ActiveCfg = Release|Any CPU
		{C3BF3141-4473-4029-808B-5D5756B67C5E}.Release|Any CPU.Build.0 = Release|Any CPU
		{C3BF3141-4473-4029-808B-5D5756B67C5E}.Release|x64.ActiveCfg = Release|Any CPU
		{C3BF3141-4473-4029-808B-5D5756B67C5E}.Release|x64.Build.0 = Release|Any CPU
		{C3BF3141-4473-4029-808B-5D5756B67C5E}.Release|x86.ActiveCfg = Release|Any CPU
		{C3BF3141-4473-4029-808B-5D5756B67C5E}.Release|x86.Build.0 = Release|Any CPU
		{7BDAE83E-0775-4CA0-867E-2012FAC61E67}.Debug|Any CPU.ActiveCfg = Debug|Any CPU
		{7BDAE83E-0775-4CA0-867E-2012FAC61E67}.Debug|Any CPU.Build.0 = Debug|Any CPU
		{7BDAE83E-0775-4CA0-867E-2012FAC61E67}.Debug|x64.ActiveCfg = Debug|Any CPU
		{7BDAE83E-0775-4CA0-867E-2012FAC61E67}.Debug|x64.Build.0 = Debug|Any CPU
		{7BDAE83E-0775-4CA0-867E-2012FAC61E67}.Debug|x86.ActiveCfg = Debug|Any CPU
		{7BDAE83E-0775-4CA0-867E-2012FAC61E67}.Debug|x86.Build.0 = Debug|Any CPU
		{7BDAE83E-0775-4CA0-867E-2012FAC61E67}.Release|Any CPU.ActiveCfg = Release|Any CPU
		{7BDAE83E-0775-4CA0-867E-2012FAC61E67}.Release|Any CPU.Build.0 = Release|Any CPU
		{7BDAE83E-0775-4CA0-867E-2012FAC61E67}.Release|x64.ActiveCfg = Release|Any CPU
		{7BDAE83E-0775-4CA0-867E-2012FAC61E67}.Release|x64.Build.0 = Release|Any CPU
		{7BDAE83E-0775-4CA0-867E-2012FAC61E67}.Release|x86.ActiveCfg = Release|Any CPU
		{7BDAE83E-0775-4CA0-867E-2012FAC61E67}.Release|x86.Build.0 = Release|Any CPU
		{83110C76-AA53-4E37-8B90-9CF3ED9D9D62}.Debug|Any CPU.ActiveCfg = Debug|Any CPU
		{83110C76-AA53-4E37-8B90-9CF3ED9D9D62}.Debug|Any CPU.Build.0 = Debug|Any CPU
		{83110C76-AA53-4E37-8B90-9CF3ED9D9D62}.Debug|x64.ActiveCfg = Debug|Any CPU
		{83110C76-AA53-4E37-8B90-9CF3ED9D9D62}.Debug|x64.Build.0 = Debug|Any CPU
		{83110C76-AA53-4E37-8B90-9CF3ED9D9D62}.Debug|x86.ActiveCfg = Debug|Any CPU
		{83110C76-AA53-4E37-8B90-9CF3ED9D9D62}.Debug|x86.Build.0 = Debug|Any CPU
		{83110C76-AA53-4E37-8B90-9CF3ED9D9D62}.Release|Any CPU.ActiveCfg = Release|Any CPU
		{83110C76-AA53-4E37-8B90-9CF3ED9D9D62}.Release|Any CPU.Build.0 = Release|Any CPU
		{83110C76-AA53-4E37-8B90-9CF3ED9D9D62}.Release|x64.ActiveCfg = Release|Any CPU
		{83110C76-AA53-4E37-8B90-9CF3ED9D9D62}.Release|x64.Build.0 = Release|Any CPU
		{83110C76-AA53-4E37-8B90-9CF3ED9D9D62}.Release|x86.ActiveCfg = Release|Any CPU
		{83110C76-AA53-4E37-8B90-9CF3ED9D9D62}.Release|x86.Build.0 = Release|Any CPU
		{DD26BEF3-C8FB-4808-A744-FBAFEB8AF501}.Debug|Any CPU.ActiveCfg = Debug|Any CPU
		{DD26BEF3-C8FB-4808-A744-FBAFEB8AF501}.Debug|Any CPU.Build.0 = Debug|Any CPU
		{DD26BEF3-C8FB-4808-A744-FBAFEB8AF501}.Debug|x64.ActiveCfg = Debug|Any CPU
		{DD26BEF3-C8FB-4808-A744-FBAFEB8AF501}.Debug|x64.Build.0 = Debug|Any CPU
		{DD26BEF3-C8FB-4808-A744-FBAFEB8AF501}.Debug|x86.ActiveCfg = Debug|Any CPU
		{DD26BEF3-C8FB-4808-A744-FBAFEB8AF501}.Debug|x86.Build.0 = Debug|Any CPU
		{DD26BEF3-C8FB-4808-A744-FBAFEB8AF501}.Release|Any CPU.ActiveCfg = Release|Any CPU
		{DD26BEF3-C8FB-4808-A744-FBAFEB8AF501}.Release|Any CPU.Build.0 = Release|Any CPU
		{DD26BEF3-C8FB-4808-A744-FBAFEB8AF501}.Release|x64.ActiveCfg = Release|Any CPU
		{DD26BEF3-C8FB-4808-A744-FBAFEB8AF501}.Release|x64.Build.0 = Release|Any CPU
		{DD26BEF3-C8FB-4808-A744-FBAFEB8AF501}.Release|x86.ActiveCfg = Release|Any CPU
		{DD26BEF3-C8FB-4808-A744-FBAFEB8AF501}.Release|x86.Build.0 = Release|Any CPU
	EndGlobalSection
	GlobalSection(SolutionProperties) = preSolution
		HideSolutionNode = FALSE
	EndGlobalSection
	GlobalSection(NestedProjects) = preSolution
		{B93F1AA5-6083-4CE1-99B2-CDD731578BE1} = {71B53541-E915-4E6B-8D8C-703929ABCFDA}
		{1C98BC7E-9C5A-49B3-8D5E-45871CAD5FF3} = {B93F1AA5-6083-4CE1-99B2-CDD731578BE1}
		{58DF14DD-5C0D-47A8-B36F-018C4C7041F7} = {71B53541-E915-4E6B-8D8C-703929ABCFDA}
		{5C309773-6246-41E2-9A12-6507641AA05C} = {58DF14DD-5C0D-47A8-B36F-018C4C7041F7}
		{08CCFD61-5E57-471D-8384-8E04BA0BAFA1} = {58DF14DD-5C0D-47A8-B36F-018C4C7041F7}
		{B49D65C6-D717-442B-83E0-29AD5ACBFE8C} = {58DF14DD-5C0D-47A8-B36F-018C4C7041F7}
		{37D33653-6CAA-402E-A664-3DA35AB0518F} = {71B53541-E915-4E6B-8D8C-703929ABCFDA}
		{521FB693-C4C8-4CED-A21D-75EEFAD2CA29} = {37D33653-6CAA-402E-A664-3DA35AB0518F}
		{80C839EC-A390-4FD2-95EC-B57CFDBEF6B2} = {37D33653-6CAA-402E-A664-3DA35AB0518F}
		{971BC50D-C055-4090-9E45-3254F37E21A9} = {306D1A26-50DE-4CC4-AFE3-1E4B0BB20A92}
		{C3BF3141-4473-4029-808B-5D5756B67C5E} = {B93F1AA5-6083-4CE1-99B2-CDD731578BE1}
		{7BDAE83E-0775-4CA0-867E-2012FAC61E67} = {B93F1AA5-6083-4CE1-99B2-CDD731578BE1}
		{83110C76-AA53-4E37-8B90-9CF3ED9D9D62} = {306D1A26-50DE-4CC4-AFE3-1E4B0BB20A92}
		{DD26BEF3-C8FB-4808-A744-FBAFEB8AF501} = {37D33653-6CAA-402E-A664-3DA35AB0518F}
	EndGlobalSection
	GlobalSection(ExtensibilityGlobals) = postSolution
		SolutionGuid = {5BBF7F0E-3C95-490C-BB5A-ACDDC6CD9D23}
	EndGlobalSection
EndGlobal
